
Microsoft Visual Studio Solution File, Format Version 12.00
# Visual Studio Version 17
VisualStudioVersion = 17.3.32901.215
MinimumVisualStudioVersion = 10.0.40219.1
Project("{FAE04EC0-301F-11D3-BF4B-00C04F79EFBC}") = "LT", "LT.csproj", "{78ADB9B4-47AF-4BF9-A835-71E5398A1FC1}"
EndProject
Global
	GlobalSection(SolutionConfigurationPlatforms) = preSolution
		Debug|Any CPU = Debug|Any CPU
		Release|Any CPU = Release|Any CPU
	EndGlobalSection
	GlobalSection(ProjectConfigurationPlatforms) = postSolution
		{78ADB9B4-47AF-4BF9-A835-71E5398A1FC1}.Debug|Any CPU.ActiveCfg = Debug|Any CPU
		{78ADB9B4-47AF-4BF9-A835-71E5398A1FC1}.Debug|Any CPU.Build.0 = Debug|Any CPU
		{78ADB9B4-47AF-4BF9-A835-71E5398A1FC1}.Release|Any CPU.ActiveCfg = Release|Any CPU
		{78ADB9B4-47AF-4BF9-A835-71E5398A1FC1}.Release|Any CPU.Build.0 = Release|Any CPU
	EndGlobalSection
	GlobalSection(SolutionProperties) = preSolution
		HideSolutionNode = FALSE
	EndGlobalSection
	GlobalSection(ExtensibilityGlobals) = postSolution
		SolutionGuid = {86E3F753-442F-4C46-9DF6-D0BAB2E134B8}
	EndGlobalSection
EndGlobal
